
Microsoft Visual Studio Solution File, Format Version 12.00
# Visual Studio Version 16
VisualStudioVersion = 16.0.31729.503
MinimumVisualStudioVersion = 10.0.40219.1
Project("{FAE04EC0-301F-11D3-BF4B-00C04F79EFBC}") = "FormationCMSUmbraco9", "FormationCMSUmbraco9.csproj", "{BB515B0A-8E4C-4C34-9910-2B5242CB7DA4}"
EndProject
Global
	GlobalSection(SolutionConfigurationPlatforms) = preSolution
		Debug|Any CPU = Debug|Any CPU
		Release|Any CPU = Release|Any CPU
	EndGlobalSection
	GlobalSection(ProjectConfigurationPlatforms) = postSolution
		{BB515B0A-8E4C-4C34-9910-2B5242CB7DA4}.Debug|Any CPU.ActiveCfg = Debug|Any CPU
		{BB515B0A-8E4C-4C34-9910-2B5242CB7DA4}.Debug|Any CPU.Build.0 = Debug|Any CPU
		{BB515B0A-8E4C-4C34-9910-2B5242CB7DA4}.Release|Any CPU.ActiveCfg = Release|Any CPU
		{BB515B0A-8E4C-4C34-9910-2B5242CB7DA4}.Release|Any CPU.Build.0 = Release|Any CPU
	EndGlobalSection
	GlobalSection(SolutionProperties) = preSolution
		HideSolutionNode = FALSE
	EndGlobalSection
	GlobalSection(ExtensibilityGlobals) = postSolution
		SolutionGuid = {74961919-70FC-40A7-9203-91F90390FB7B}
	EndGlobalSection
EndGlobal
